// !$*UTF8*$!
{
	archiveVersion = 1;
	classes = {
	};
	objectVersion = 46;
	objects = {

/* Begin PBXBuildFile section */
		47CC59C27B33E883E235BD6B /* libPods-NVLogManagerDemo.a in Frameworks */ = {isa = PBXBuildFile; fileRef = DD49A0AD276293194FE061B1 /* libPods-NVLogManagerDemo.a */; };
		74D9455E1EE274B000417E4F /* main.m in Sources */ = {isa = PBXBuildFile; fileRef = 74D9455D1EE274B000417E4F /* main.m */; };
		74D945611EE274B000417E4F /* AppDelegate.m in Sources */ = {isa = PBXBuildFile; fileRef = 74D945601EE274B000417E4F /* AppDelegate.m */; };
		74D945641EE274B000417E4F /* ViewController.m in Sources */ = {isa = PBXBuildFile; fileRef = 74D945631EE274B000417E4F /* ViewController.m */; };
		74D945671EE274B000417E4F /* Main.storyboard in Resources */ = {isa = PBXBuildFile; fileRef = 74D945651EE274B000417E4F /* Main.storyboard */; };
		74D945691EE274B000417E4F /* Assets.xcassets in Resources */ = {isa = PBXBuildFile; fileRef = 74D945681EE274B000417E4F /* Assets.xcassets */; };
		74D9456C1EE274B000417E4F /* LaunchScreen.storyboard in Resources */ = {isa = PBXBuildFile; fileRef = 74D9456A1EE274B000417E4F /* LaunchScreen.storyboard */; };
		74D945761EE2757E00417E4F /* NVLogManager.m in Sources */ = {isa = PBXBuildFile; fileRef = 74D945751EE2757E00417E4F /* NVLogManager.m */; };
		74D945C41EE28A8700417E4F /* MyCustomFormatter.m in Sources */ = {isa = PBXBuildFile; fileRef = 74D945C31EE28A8700417E4F /* MyCustomFormatter.m */; };
/* End PBXBuildFile section */

/* Begin PBXFileReference section */
		74D945591EE274B000417E4F /* NVLogManagerDemo.app */ = {isa = PBXFileReference; explicitFileType = wrapper.application; includeInIndex = 0; path = NVLogManagerDemo.app; sourceTree = BUILT_PRODUCTS_DIR; };
		74D9455D1EE274B000417E4F /* main.m */ = {isa = PBXFileReference; lastKnownFileType = sourcecode.c.objc; path = main.m; sourceTree = "<group>"; };
		74D9455F1EE274B000417E4F /* AppDelegate.h */ = {isa = PBXFileReference; lastKnownFileType = sourcecode.c.h; path = AppDelegate.h; sourceTree = "<group>"; };
		74D945601EE274B000417E4F /* AppDelegate.m */ = {isa = PBXFileReference; lastKnownFileType = sourcecode.c.objc; path = AppDelegate.m; sourceTree = "<group>"; };
		74D945621EE274B000417E4F /* ViewController.h */ = {isa = PBXFileReference; lastKnownFileType = sourcecode.c.h; path = ViewController.h; sourceTree = "<group>"; };
		74D945631EE274B000417E4F /* ViewController.m */ = {isa = PBXFileReference; lastKnownFileType = sourcecode.c.objc; path = ViewController.m; sourceTree = "<group>"; };
		74D945661EE274B000417E4F /* Base */ = {isa = PBXFileReference; lastKnownFileType = file.storyboard; name = Base; path = Base.lproj/Main.storyboard; sourceTree = "<group>"; };
		74D945681EE274B000417E4F /* Assets.xcassets */ = {isa = PBXFileReference; lastKnownFileType = folder.assetcatalog; path = Assets.xcassets; sourceTree = "<group>"; };
		74D9456B1EE274B000417E4F /* Base */ = {isa = PBXFileReference; lastKnownFileType = file.storyboard; name = Base; path = Base.lproj/LaunchScreen.storyboard; sourceTree = "<group>"; };
		74D9456D1EE274B000417E4F /* Info.plist */ = {isa = PBXFileReference; lastKnownFileType = text.plist.xml; path = Info.plist; sourceTree = "<group>"; };
		74D945741EE2757E00417E4F /* NVLogManager.h */ = {isa = PBXFileReference; fileEncoding = 4; lastKnownFileType = sourcecode.c.h; path = NVLogManager.h; sourceTree = "<group>"; };
		74D945751EE2757E00417E4F /* NVLogManager.m */ = {isa = PBXFileReference; fileEncoding = 4; lastKnownFileType = sourcecode.c.objc; path = NVLogManager.m; sourceTree = "<group>"; };
		74D945C21EE28A8700417E4F /* MyCustomFormatter.h */ = {isa = PBXFileReference; fileEncoding = 4; lastKnownFileType = sourcecode.c.h; path = MyCustomFormatter.h; sourceTree = "<group>"; };
		74D945C31EE28A8700417E4F /* MyCustomFormatter.m */ = {isa = PBXFileReference; fileEncoding = 4; lastKnownFileType = sourcecode.c.objc; path = MyCustomFormatter.m; sourceTree = "<group>"; };
		74D945C51EE28AEC00417E4F /* PrefixHeader.pch */ = {isa = PBXFileReference; lastKnownFileType = sourcecode.c.h; path = PrefixHeader.pch; sourceTree = "<group>"; };
		C9F5CCE3286CB802E1460FAF /* Pods-NVLogManagerDemo.debug.xcconfig */ = {isa = PBXFileReference; includeInIndex = 1; lastKnownFileType = text.xcconfig; name = "Pods-NVLogManagerDemo.debug.xcconfig"; path = "Pods/Target Support Files/Pods-NVLogManagerDemo/Pods-NVLogManagerDemo.debug.xcconfig"; sourceTree = "<group>"; };
		DC511843E847008EB92002EF /* Pods-NVLogManagerDemo.release.xcconfig */ = {isa = PBXFileReference; includeInIndex = 1; lastKnownFileType = text.xcconfig; name = "Pods-NVLogManagerDemo.release.xcconfig"; path = "Pods/Target Support Files/Pods-NVLogManagerDemo/Pods-NVLogManagerDemo.release.xcconfig"; sourceTree = "<group>"; };
		DD49A0AD276293194FE061B1 /* libPods-NVLogManagerDemo.a */ = {isa = PBXFileReference; explicitFileType = archive.ar; includeInIndex = 0; path = "libPods-NVLogManagerDemo.a"; sourceTree = BUILT_PRODUCTS_DIR; };
/* End PBXFileReference section */

/* Begin PBXFrameworksBuildPhase section */
		74D945561EE274B000417E4F /* Frameworks */ = {
			isa = PBXFrameworksBuildPhase;
			buildActionMask = 2147483647;
			files = (
				47CC59C27B33E883E235BD6B /* libPods-NVLogManagerDemo.a in Frameworks */,
			);
			runOnlyForDeploymentPostprocessing = 0;
		};
/* End PBXFrameworksBuildPhase section */

/* Begin PBXGroup section */
		104BBE09DB7500591E3C4B75 /* Frameworks */ = {
			isa = PBXGroup;
			children = (
				DD49A0AD276293194FE061B1 /* libPods-NVLogManagerDemo.a */,
			);
			name = Frameworks;
			sourceTree = "<group>";
		};
		641E95DD107310A447A0D65B /* Pods */ = {
			isa = PBXGroup;
			children = (
				C9F5CCE3286CB802E1460FAF /* Pods-NVLogManagerDemo.debug.xcconfig */,
				DC511843E847008EB92002EF /* Pods-NVLogManagerDemo.release.xcconfig */,
			);
			name = Pods;
			sourceTree = "<group>";
		};
		74D945501EE274B000417E4F = {
			isa = PBXGroup;
			children = (
				74D9455B1EE274B000417E4F /* NVLogManagerDemo */,
				74D9455A1EE274B000417E4F /* Products */,
				641E95DD107310A447A0D65B /* Pods */,
				104BBE09DB7500591E3C4B75 /* Frameworks */,
			);
			sourceTree = "<group>";
		};
		74D9455A1EE274B000417E4F /* Products */ = {
			isa = PBXGroup;
			children = (
				74D945591EE274B000417E4F /* NVLogManagerDemo.app */,
			);
			name = Products;
			sourceTree = "<group>";
		};
		74D9455B1EE274B000417E4F /* NVLogManagerDemo */ = {
			isa = PBXGroup;
			children = (
				74D945731EE274CC00417E4F /* NVLogManager */,
				74D9455F1EE274B000417E4F /* AppDelegate.h */,
				74D945601EE274B000417E4F /* AppDelegate.m */,
				74D945621EE274B000417E4F /* ViewController.h */,
				74D945631EE274B000417E4F /* ViewController.m */,
				74D945651EE274B000417E4F /* Main.storyboard */,
				74D945681EE274B000417E4F /* Assets.xcassets */,
				74D9456A1EE274B000417E4F /* LaunchScreen.storyboard */,
				74D9456D1EE274B000417E4F /* Info.plist */,
				74D9455C1EE274B000417E4F /* Supporting Files */,
				74D945C51EE28AEC00417E4F /* PrefixHeader.pch */,
			);
			path = NVLogManagerDemo;
			sourceTree = "<group>";
		};
		74D9455C1EE274B000417E4F /* Supporting Files */ = {
			isa = PBXGroup;
			children = (
				74D9455D1EE274B000417E4F /* main.m */,
			);
			name = "Supporting Files";
			sourceTree = "<group>";
		};
		74D945731EE274CC00417E4F /* NVLogManager */ = {
			isa = PBXGroup;
			children = (
				74D945C11EE28A7C00417E4F /* CustomFormatter */,
				74D945741EE2757E00417E4F /* NVLogManager.h */,
				74D945751EE2757E00417E4F /* NVLogManager.m */,
			);
			path = NVLogManager;
			sourceTree = "<group>";
		};
		74D945C11EE28A7C00417E4F /* CustomFormatter */ = {
			isa = PBXGroup;
			children = (
				74D945C21EE28A8700417E4F /* MyCustomFormatter.h */,
				74D945C31EE28A8700417E4F /* MyCustomFormatter.m */,
			);
			path = CustomFormatter;
			sourceTree = "<group>";
		};
/* End PBXGroup section */

/* Begin PBXNativeTarget section */
		74D945581EE274B000417E4F /* NVLogManagerDemo */ = {
			isa = PBXNativeTarget;
			buildConfigurationList = 74D945701EE274B000417E4F /* Build configuration list for PBXNativeTarget "NVLogManagerDemo" */;
			buildPhases = (
				6DAB857745016AB2847BFACE /* [CP] Check Pods Manifest.lock */,
				74D945551EE274B000417E4F /* Sources */,
				74D945561EE274B000417E4F /* Frameworks */,
				74D945571EE274B000417E4F /* Resources */,
				6E77F3E3E02EE15B3AD463C4 /* [CP] Embed Pods Frameworks */,
				9D90C5D924A51830EAC888DA /* [CP] Copy Pods Resources */,
			);
			buildRules = (
			);
			dependencies = (
			);
			name = NVLogManagerDemo;
			productName = NVLogManagerDemo;
			productReference = 74D945591EE274B000417E4F /* NVLogManagerDemo.app */;
			productType = "com.apple.product-type.application";
		};
/* End PBXNativeTarget section */

/* Begin PBXProject section */
		74D945511EE274B000417E4F /* Project object */ = {
			isa = PBXProject;
			attributes = {
				LastUpgradeCheck = 0820;
				ORGANIZATIONNAME = com.zhouxi.;
				TargetAttributes = {
					74D945581EE274B000417E4F = {
						CreatedOnToolsVersion = 8.2.1;
						DevelopmentTeam = GN473LJ9EX;
						ProvisioningStyle = Automatic;
					};
				};
			};
			buildConfigurationList = 74D945541EE274B000417E4F /* Build configuration list for PBXProject "NVLogManagerDemo" */;
			compatibilityVersion = "Xcode 3.2";
			developmentRegion = English;
			hasScannedForEncodings = 0;
			knownRegions = (
				en,
				Base,
			);
			mainGroup = 74D945501EE274B000417E4F;
			productRefGroup = 74D9455A1EE274B000417E4F /* Products */;
			projectDirPath = "";
			projectRoot = "";
			targets = (
				74D945581EE274B000417E4F /* NVLogManagerDemo */,
			);
		};
/* End PBXProject section */

/* Begin PBXResourcesBuildPhase section */
		74D945571EE274B000417E4F /* Resources */ = {
			isa = PBXResourcesBuildPhase;
			buildActionMask = 2147483647;
			files = (
				74D9456C1EE274B000417E4F /* LaunchScreen.storyboard in Resources */,
				74D945691EE274B000417E4F /* Assets.xcassets in Resources */,
				74D945671EE274B000417E4F /* Main.storyboard in Resources */,
			);
			runOnlyForDeploymentPostprocessing = 0;
		};
/* End PBXResourcesBuildPhase section */

/* Begin PBXShellScriptBuildPhase section */
		6DAB857745016AB2847BFACE /* [CP] Check Pods Manifest.lock */ = {
			isa = PBXShellScriptBuildPhase;
			buildActionMask = 2147483647;
			files = (
			);
			inputPaths = (
			);
			name = "[CP] Check Pods Manifest.lock";
			outputPaths = (
			);
			runOnlyForDeploymentPostprocessing = 0;
			shellPath = /bin/sh;
			shellScript = "diff \"${PODS_PODFILE_DIR_PATH}/Podfile.lock\" \"${PODS_ROOT}/Manifest.lock\" > /dev/null\nif [ $? != 0 ] ; then\n    # print error to STDERR\n    echo \"error: The sandbox is not in sync with the Podfile.lock. Run 'pod install' or update your CocoaPods installation.\" >&2\n    exit 1\nfi\n";
			showEnvVarsInLog = 0;
		};
		6E77F3E3E02EE15B3AD463C4 /* [CP] Embed Pods Frameworks */ = {
			isa = PBXShellScriptBuildPhase;
			buildActionMask = 2147483647;
			files = (
			);
			inputPaths = (
			);
			name = "[CP] Embed Pods Frameworks";
			outputPaths = (
			);
			runOnlyForDeploymentPostprocessing = 0;
			shellPath = /bin/sh;
			shellScript = "\"${SRCROOT}/Pods/Target Support Files/Pods-NVLogManagerDemo/Pods-NVLogManagerDemo-frameworks.sh\"\n";
			showEnvVarsInLog = 0;
		};
		9D90C5D924A51830EAC888DA /* [CP] Copy Pods Resources */ = {
			isa = PBXShellScriptBuildPhase;
			buildActionMask = 2147483647;
			files = (
			);
			inputPaths = (
			);
			name = "[CP] Copy Pods Resources";
			outputPaths = (
			);
			runOnlyForDeploymentPostprocessing = 0;
			shellPath = /bin/sh;
			shellScript = "\"${SRCROOT}/Pods/Target Support Files/Pods-NVLogManagerDemo/Pods-NVLogManagerDemo-resources.sh\"\n";
			showEnvVarsInLog = 0;
		};
/* End PBXShellScriptBuildPhase section */

/* Begin PBXSourcesBuildPhase section */
		74D945551EE274B000417E4F /* Sources */ = {
			isa = PBXSourcesBuildPhase;
			buildActionMask = 2147483647;
			files = (
				74D945C41EE28A8700417E4F /* MyCustomFormatter.m in Sources */,
				74D945641EE274B000417E4F /* ViewController.m in Sources */,
				74D945611EE274B000417E4F /* AppDelegate.m in Sources */,
				74D945761EE2757E00417E4F /* NVLogManager.m in Sources */,
				74D9455E1EE274B000417E4F /* main.m in Sources */,
			);
			runOnlyForDeploymentPostprocessing = 0;
		};
/* End PBXSourcesBuildPhase section */

/* Begin PBXVariantGroup section */
		74D945651EE274B000417E4F /* Main.storyboard */ = {
			isa = PBXVariantGroup;
			children = (
				74D945661EE274B000417E4F /* Base */,
			);
			name = Main.storyboard;
			sourceTree = "<group>";
		};
		74D9456A1EE274B000417E4F /* LaunchScreen.storyboard */ = {
			isa = PBXVariantGroup;
			children = (
				74D9456B1EE274B000417E4F /* Base */,
			);
			name = LaunchScreen.storyboard;
			sourceTree = "<group>";
		};
/* End PBXVariantGroup section */

/* Begin XCBuildConfiguration section */
		74D9456E1EE274B000417E4F /* Debug */ = {
			isa = XCBuildConfiguration;
			buildSettings = {
				ALWAYS_SEARCH_USER_PATHS = NO;
				CLANG_ANALYZER_NONNULL = YES;
				CLANG_CXX_LANGUAGE_STANDARD = "gnu++0x";
				CLANG_CXX_LIBRARY = "libc++";
				CLANG_ENABLE_MODULES = YES;
				CLANG_ENABLE_OBJC_ARC = YES;
				CLANG_WARN_BOOL_CONVERSION = YES;
				CLANG_WARN_CONSTANT_CONVERSION = YES;
				CLANG_WARN_DIRECT_OBJC_ISA_USAGE = YES_ERROR;
				CLANG_WARN_DOCUMENTATION_COMMENTS = YES;
				CLANG_WARN_EMPTY_BODY = YES;
				CLANG_WARN_ENUM_CONVERSION = YES;
				CLANG_WARN_INFINITE_RECURSION = YES;
				CLANG_WARN_INT_CONVERSION = YES;
				CLANG_WARN_OBJC_ROOT_CLASS = YES_ERROR;
				CLANG_WARN_SUSPICIOUS_MOVE = YES;
				CLANG_WARN_UNREACHABLE_CODE = YES;
				CLANG_WARN__DUPLICATE_METHOD_MATCH = YES;
				"CODE_SIGN_IDENTITY[sdk=iphoneos*]" = "iPhone Developer";
				COPY_PHASE_STRIP = NO;
				DEBUG_INFORMATION_FORMAT = dwarf;
				ENABLE_STRICT_OBJC_MSGSEND = YES;
				ENABLE_TESTABILITY = YES;
				GCC_C_LANGUAGE_STANDARD = gnu99;
				GCC_DYNAMIC_NO_PIC = NO;
				GCC_NO_COMMON_BLOCKS = YES;
				GCC_OPTIMIZATION_LEVEL = 0;
				GCC_PREPROCESSOR_DEFINITIONS = (
					"DEBUG=1",
					"$(inherited)",
				);
				GCC_WARN_64_TO_32_BIT_CONVERSION = YES;
				GCC_WARN_ABOUT_RETURN_TYPE = YES_ERROR;
				GCC_WARN_UNDECLARED_SELECTOR = YES;
				GCC_WARN_UNINITIALIZED_AUTOS = YES_AGGRESSIVE;
				GCC_WARN_UNUSED_FUNCTION = YES;
				GCC_WARN_UNUSED_VARIABLE = YES;
				IPHONEOS_DEPLOYMENT_TARGET = 10.2;
				MTL_ENABLE_DEBUG_INFO = YES;
				ONLY_ACTIVE_ARCH = YES;
				SDKROOT = iphoneos;
			};
			name = Debug;
		};
		74D9456F1EE274B000417E4F /* Release */ = {
			isa = XCBuildConfiguration;
			buildSettings = {
				ALWAYS_SEARCH_USER_PATHS = NO;
				CLANG_ANALYZER_NONNULL = YES;
				CLANG_CXX_LANGUAGE_STANDARD = "gnu++0x";
				CLANG_CXX_LIBRARY = "libc++";
				CLANG_ENABLE_MODULES = YES;
				CLANG_ENABLE_OBJC_ARC = YES;
				CLANG_WARN_BOOL_CONVERSION = YES;
				CLANG_WARN_CONSTANT_CONVERSION = YES;
				CLANG_WARN_DIRECT_OBJC_ISA_USAGE = YES_ERROR;
				CLANG_WARN_DOCUMENTATION_COMMENTS = YES;
				CLANG_WARN_EMPTY_BODY = YES;
				CLANG_WARN_ENUM_CONVERSION = YES;
				CLANG_WARN_INFINITE_RECURSION = YES;
				CLANG_WARN_INT_CONVERSION = YES;
				CLANG_WARN_OBJC_ROOT_CLASS = YES_ERROR;
				CLANG_WARN_SUSPICIOUS_MOVE = YES;
				CLANG_WARN_UNREACHABLE_CODE = YES;
				CLANG_WARN__DUPLICATE_METHOD_MATCH = YES;
				"CODE_SIGN_IDENTITY[sdk=iphoneos*]" = "iPhone Developer";
				COPY_PHASE_STRIP = NO;
				DEBUG_INFORMATION_FORMAT = "dwarf-with-dsym";
				ENABLE_NS_ASSERTIONS = NO;
				ENABLE_STRICT_OBJC_MSGSEND = YES;
				GCC_C_LANGUAGE_STANDARD = gnu99;
				GCC_NO_COMMON_BLOCKS = YES;
				GCC_WARN_64_TO_32_BIT_CONVERSION = YES;
				GCC_WARN_ABOUT_RETURN_TYPE = YES_ERROR;
				GCC_WARN_UNDECLARED_SELECTOR = YES;
				GCC_WARN_UNINITIALIZED_AUTOS = YES_AGGRESSIVE;
				GCC_WARN_UNUSED_FUNCTION = YES;
				GCC_WARN_UNUSED_VARIABLE = YES;
				IPHONEOS_DEPLOYMENT_TARGET = 10.2;
				MTL_ENABLE_DEBUG_INFO = NO;
				SDKROOT = iphoneos;
				VALIDATE_PRODUCT = YES;
			};
			name = Release;
		};
		74D945711EE274B000417E4F /* Debug */ = {
			isa = XCBuildConfiguration;
			baseConfigurationReference = C9F5CCE3286CB802E1460FAF /* Pods-NVLogManagerDemo.debug.xcconfig */;
			buildSettings = {
				ASSETCATALOG_COMPILER_APPICON_NAME = AppIcon;
				DEVELOPMENT_TEAM = GN473LJ9EX;
				GCC_PRECOMPILE_PREFIX_HEADER = YES;
				GCC_PREFIX_HEADER = "$(SRCROOT)/NVLogManagerDemo/PrefixHeader.pch";
				INFOPLIST_FILE = NVLogManagerDemo/Info.plist;
				LD_RUNPATH_SEARCH_PATHS = "$(inherited) @executable_path/Frameworks";
				PRODUCT_BUNDLE_IDENTIFIER = NOVA.NVLogManagerDemo;
				PRODUCT_NAME = "$(TARGET_NAME)";
			};
			name = Debug;
		};
		74D945721EE274B000417E4F /* Release */ = {
			isa = XCBuildConfiguration;
			baseConfigurationReference = DC511843E847008EB92002EF /* Pods-NVLogManagerDemo.release.xcconfig */;
			buildSettings = {
				ASSETCATALOG_COMPILER_APPICON_NAME = AppIcon;
				DEVELOPMENT_TEAM = GN473LJ9EX;
				GCC_PRECOMPILE_PREFIX_HEADER = YES;
				GCC_PREFIX_HEADER = "$(SRCROOT)/NVLogManagerDemo/PrefixHeader.pch";
				INFOPLIST_FILE = NVLogManagerDemo/Info.plist;
				LD_RUNPATH_SEARCH_PATHS = "$(inherited) @executable_path/Frameworks";
				PRODUCT_BUNDLE_IDENTIFIER = NOVA.NVLogManagerDemo;
				PRODUCT_NAME = "$(TARGET_NAME)";
			};
			name = Release;
		};
/* End XCBuildConfiguration section */

/* Begin XCConfigurationList section */
		74D945541EE274B000417E4F /* Build configuration list for PBXProject "NVLogManagerDemo" */ = {
			isa = XCConfigurationList;
			buildConfigurations = (
				74D9456E1EE274B000417E4F /* Debug */,
				74D9456F1EE274B000417E4F /* Release */,
			);
			defaultConfigurationIsVisible = 0;
			defaultConfigurationName = Release;
		};
		74D945701EE274B000417E4F /* Build configuration list for PBXNativeTarget "NVLogManagerDemo" */ = {
			isa = XCConfigurationList;
			buildConfigurations = (
				74D945711EE274B000417E4F /* Debug */,
				74D945721EE274B000417E4F /* Release */,
			);
			defaultConfigurationIsVisible = 0;
			defaultConfigurationName = Release;
		};
/* End XCConfigurationList section */
	};
	rootObject = 74D945511EE274B000417E4F /* Project object */;
}
